
Microsoft Visual Studio Solution File, Format Version 12.00
# Visual Studio Version 17
VisualStudioVersion = 17.7.34221.43
MinimumVisualStudioVersion = 10.0.40219.1
Project("{FAE04EC0-301F-11D3-BF4B-00C04F79EFBC}") = "QuadraticEquation", "QuadraticEquation\QuadraticEquation.csproj", "{EB547817-7B1A-458B-8DFE-2F827EA228FF}"
EndProject
Global
	GlobalSection(SolutionConfigurationPlatforms) = preSolution
		Debug|Any CPU = Debug|Any CPU
		Release|Any CPU = Release|Any CPU
	EndGlobalSection
	GlobalSection(ProjectConfigurationPlatforms) = postSolution
		{EB547817-7B1A-458B-8DFE-2F827EA228FF}.Debug|Any CPU.ActiveCfg = Debug|Any CPU
		{EB547817-7B1A-458B-8DFE-2F827EA228FF}.Debug|Any CPU.Build.0 = Debug|Any CPU
		{EB547817-7B1A-458B-8DFE-2F827EA228FF}.Release|Any CPU.ActiveCfg = Release|Any CPU
		{EB547817-7B1A-458B-8DFE-2F827EA228FF}.Release|Any CPU.Build.0 = Release|Any CPU
	EndGlobalSection
	GlobalSection(SolutionProperties) = preSolution
		HideSolutionNode = FALSE
	EndGlobalSection
	GlobalSection(ExtensibilityGlobals) = postSolution
		SolutionGuid = {7AF5955F-74EB-474B-B3EE-FB663BF59E93}
	EndGlobalSection
EndGlobal
